
Microsoft Visual Studio Solution File, Format Version 12.00
# Visual Studio Version 17
VisualStudioVersion = 17.3.32929.385
MinimumVisualStudioVersion = 10.0.40219.1
Project("{FAE04EC0-301F-11D3-BF4B-00C04F79EFBC}") = "Kütüphane Yönetim Otomasyonu", "Kütüphane Yönetim Otomasyonu\Kütüphane Yönetim Otomasyonu.csproj", "{13DE18F8-E88C-4BE2-AC59-82B05278205F}"
EndProject
Global
	GlobalSection(SolutionConfigurationPlatforms) = preSolution
		Debug|Any CPU = Debug|Any CPU
		Release|Any CPU = Release|Any CPU
	EndGlobalSection
	GlobalSection(ProjectConfigurationPlatforms) = postSolution
		{13DE18F8-E88C-4BE2-AC59-82B05278205F}.Debug|Any CPU.ActiveCfg = Debug|Any CPU
		{13DE18F8-E88C-4BE2-AC59-82B05278205F}.Debug|Any CPU.Build.0 = Debug|Any CPU
		{13DE18F8-E88C-4BE2-AC59-82B05278205F}.Release|Any CPU.ActiveCfg = Release|Any CPU
		{13DE18F8-E88C-4BE2-AC59-82B05278205F}.Release|Any CPU.Build.0 = Release|Any CPU
	EndGlobalSection
	GlobalSection(SolutionProperties) = preSolution
		HideSolutionNode = FALSE
	EndGlobalSection
	GlobalSection(ExtensibilityGlobals) = postSolution
		SolutionGuid = {D2CFDAC8-9B90-4416-A7A1-EE41B2951D2F}
	EndGlobalSection
EndGlobal
